// !$*UTF8*$!
{
	archiveVersion = 1;
	classes = {
	};
	objectVersion = 51;
	objects = {

/* Begin PBXBuildFile section */
		9D903F5933677EA17F732ABD /* Pods_FlixApp.framework in Frameworks */ = {isa = PBXBuildFile; fileRef = ABB383D7736BB7B356ADE45D /* Pods_FlixApp.framework */; };
		B530DBED25087110003DCEAF /* MoviesViewController.swift in Sources */ = {isa = PBXBuildFile; fileRef = B530DBEC25087110003DCEAF /* MoviesViewController.swift */; };
		B556510024FEF32300C7A1CA /* AppDelegate.swift in Sources */ = {isa = PBXBuildFile; fileRef = B55650FF24FEF32300C7A1CA /* AppDelegate.swift */; };
		B556510224FEF32300C7A1CA /* SceneDelegate.swift in Sources */ = {isa = PBXBuildFile; fileRef = B556510124FEF32300C7A1CA /* SceneDelegate.swift */; };
		B556510724FEF32400C7A1CA /* Main.storyboard in Resources */ = {isa = PBXBuildFile; fileRef = B556510524FEF32400C7A1CA /* Main.storyboard */; };
		B556510924FEF32900C7A1CA /* Assets.xcassets in Resources */ = {isa = PBXBuildFile; fileRef = B556510824FEF32900C7A1CA /* Assets.xcassets */; };
		B556510C24FEF32900C7A1CA /* LaunchScreen.storyboard in Resources */ = {isa = PBXBuildFile; fileRef = B556510A24FEF32900C7A1CA /* LaunchScreen.storyboard */; };
		B5EC66F02508821C008ECABB /* MovieCell.swift in Sources */ = {isa = PBXBuildFile; fileRef = B5EC66EF2508821C008ECABB /* MovieCell.swift */; };
		B5ED8151251044EF00150150 /* MovieDetailsViewController.swift in Sources */ = {isa = PBXBuildFile; fileRef = B5ED8150251044EF00150150 /* MovieDetailsViewController.swift */; };
		B5ED815325104EAD00150150 /* GridViewController.swift in Sources */ = {isa = PBXBuildFile; fileRef = B5ED815225104EAD00150150 /* GridViewController.swift */; };
		B5ED8155251052C500150150 /* MovieGridCell.swift in Sources */ = {isa = PBXBuildFile; fileRef = B5ED8154251052C500150150 /* MovieGridCell.swift */; };
/* End PBXBuildFile section */

/* Begin PBXFileReference section */
		80DCB0F810C928557AC68278 /* Pods-FlixApp.debug.xcconfig */ = {isa = PBXFileReference; includeInIndex = 1; lastKnownFileType = text.xcconfig; name = "Pods-FlixApp.debug.xcconfig"; path = "Target Support Files/Pods-FlixApp/Pods-FlixApp.debug.xcconfig"; sourceTree = "<group>"; };
		ABB383D7736BB7B356ADE45D /* Pods_FlixApp.framework */ = {isa = PBXFileReference; explicitFileType = wrapper.framework; includeInIndex = 0; path = Pods_FlixApp.framework; sourceTree = BUILT_PRODUCTS_DIR; };
		B530DBEC25087110003DCEAF /* MoviesViewController.swift */ = {isa = PBXFileReference; lastKnownFileType = sourcecode.swift; path = MoviesViewController.swift; sourceTree = "<group>"; };
		B55650FC24FEF32300C7A1CA /* FlixApp.app */ = {isa = PBXFileReference; explicitFileType = wrapper.application; includeInIndex = 0; path = FlixApp.app; sourceTree = BUILT_PRODUCTS_DIR; };
		B55650FF24FEF32300C7A1CA /* AppDelegate.swift */ = {isa = PBXFileReference; lastKnownFileType = sourcecode.swift; path = AppDelegate.swift; sourceTree = "<group>"; };
		B556510124FEF32300C7A1CA /* SceneDelegate.swift */ = {isa = PBXFileReference; lastKnownFileType = sourcecode.swift; path = SceneDelegate.swift; sourceTree = "<group>"; };
		B556510624FEF32400C7A1CA /* Base */ = {isa = PBXFileReference; lastKnownFileType = file.storyboard; name = Base; path = Base.lproj/Main.storyboard; sourceTree = "<group>"; };
		B556510824FEF32900C7A1CA /* Assets.xcassets */ = {isa = PBXFileReference; lastKnownFileType = folder.assetcatalog; path = Assets.xcassets; sourceTree = "<group>"; };
		B556510B24FEF32900C7A1CA /* Base */ = {isa = PBXFileReference; lastKnownFileType = file.storyboard; name = Base; path = Base.lproj/LaunchScreen.storyboard; sourceTree = "<group>"; };
		B556510D24FEF32900C7A1CA /* Info.plist */ = {isa = PBXFileReference; lastKnownFileType = text.plist.xml; path = Info.plist; sourceTree = "<group>"; };
		B5EC66EF2508821C008ECABB /* MovieCell.swift */ = {isa = PBXFileReference; lastKnownFileType = sourcecode.swift; path = MovieCell.swift; sourceTree = "<group>"; };
		B5ED8150251044EF00150150 /* MovieDetailsViewController.swift */ = {isa = PBXFileReference; lastKnownFileType = sourcecode.swift; path = MovieDetailsViewController.swift; sourceTree = "<group>"; };
		B5ED815225104EAD00150150 /* GridViewController.swift */ = {isa = PBXFileReference; lastKnownFileType = sourcecode.swift; path = GridViewController.swift; sourceTree = "<group>"; };
		B5ED8154251052C500150150 /* MovieGridCell.swift */ = {isa = PBXFileReference; lastKnownFileType = sourcecode.swift; path = MovieGridCell.swift; sourceTree = "<group>"; };
		C0036F959BA949A3322A7FF0 /* Pods-FlixApp.release.xcconfig */ = {isa = PBXFileReference; includeInIndex = 1; lastKnownFileType = text.xcconfig; name = "Pods-FlixApp.release.xcconfig"; path = "Target Support Files/Pods-FlixApp/Pods-FlixApp.release.xcconfig"; sourceTree = "<group>"; };
/* End PBXFileReference section */

/* Begin PBXFrameworksBuildPhase section */
		B55650F924FEF32300C7A1CA /* Frameworks */ = {
			isa = PBXFrameworksBuildPhase;
			buildActionMask = 2147483647;
			files = (
				9D903F5933677EA17F732ABD /* Pods_FlixApp.framework in Frameworks */,
			);
			runOnlyForDeploymentPostprocessing = 0;
		};
/* End PBXFrameworksBuildPhase section */

/* Begin PBXGroup section */
		B55650F324FEF32300C7A1CA = {
			isa = PBXGroup;
			children = (
				B55650FE24FEF32300C7A1CA /* FlixApp */,
				B55650FD24FEF32300C7A1CA /* Products */,
				EC053ED34DCD238793C76730 /* Pods */,
				BC8D3FF8817D013F5448E61C /* Frameworks */,
			);
			sourceTree = "<group>";
		};
		B55650FD24FEF32300C7A1CA /* Products */ = {
			isa = PBXGroup;
			children = (
				B55650FC24FEF32300C7A1CA /* FlixApp.app */,
			);
			name = Products;
			sourceTree = "<group>";
		};
		B55650FE24FEF32300C7A1CA /* FlixApp */ = {
			isa = PBXGroup;
			children = (
				B55650FF24FEF32300C7A1CA /* AppDelegate.swift */,
				B556510124FEF32300C7A1CA /* SceneDelegate.swift */,
				B556510524FEF32400C7A1CA /* Main.storyboard */,
				B556510824FEF32900C7A1CA /* Assets.xcassets */,
				B556510A24FEF32900C7A1CA /* LaunchScreen.storyboard */,
				B556510D24FEF32900C7A1CA /* Info.plist */,
				B530DBEC25087110003DCEAF /* MoviesViewController.swift */,
				B5EC66EF2508821C008ECABB /* MovieCell.swift */,
				B5ED8150251044EF00150150 /* MovieDetailsViewController.swift */,
				B5ED815225104EAD00150150 /* GridViewController.swift */,
				B5ED8154251052C500150150 /* MovieGridCell.swift */,
			);
			path = FlixApp;
			sourceTree = "<group>";
		};
		BC8D3FF8817D013F5448E61C /* Frameworks */ = {
			isa = PBXGroup;
			children = (
				ABB383D7736BB7B356ADE45D /* Pods_FlixApp.framework */,
			);
			name = Frameworks;
			sourceTree = "<group>";
		};
		EC053ED34DCD238793C76730 /* Pods */ = {
			isa = PBXGroup;
			children = (
				80DCB0F810C928557AC68278 /* Pods-FlixApp.debug.xcconfig */,
				C0036F959BA949A3322A7FF0 /* Pods-FlixApp.release.xcconfig */,
			);
			path = Pods;
			sourceTree = "<group>";
		};
/* End PBXGroup section */

/* Begin PBXNativeTarget section */
		B55650FB24FEF32300C7A1CA /* FlixApp */ = {
			isa = PBXNativeTarget;
			buildConfigurationList = B556511024FEF32900C7A1CA /* Build configuration list for PBXNativeTarget "FlixApp" */;
			buildPhases = (
				51774878A9F3FDA12726930D /* [CP] Check Pods Manifest.lock */,
				B55650F824FEF32300C7A1CA /* Sources */,
				B55650F924FEF32300C7A1CA /* Frameworks */,
				B55650FA24FEF32300C7A1CA /* Resources */,
				7573999569C9C056457CFF6D /* [CP] Embed Pods Frameworks */,
			);
			buildRules = (
			);
			dependencies = (
			);
			name = FlixApp;
			productName = FlixApp;
			productReference = B55650FC24FEF32300C7A1CA /* FlixApp.app */;
			productType = "com.apple.product-type.application";
		};
/* End PBXNativeTarget section */

/* Begin PBXProject section */
		B55650F424FEF32300C7A1CA /* Project object */ = {
			isa = PBXProject;
			attributes = {
				LastSwiftUpdateCheck = 1150;
				LastUpgradeCheck = 1150;
				ORGANIZATIONNAME = "Vanessa Garcia";
				TargetAttributes = {
					B55650FB24FEF32300C7A1CA = {
						CreatedOnToolsVersion = 11.5;
					};
				};
			};
			buildConfigurationList = B55650F724FEF32300C7A1CA /* Build configuration list for PBXProject "FlixApp" */;
			compatibilityVersion = "Xcode 9.3";
			developmentRegion = en;
			hasScannedForEncodings = 0;
			knownRegions = (
				en,
				Base,
			);
			mainGroup = B55650F324FEF32300C7A1CA;
			productRefGroup = B55650FD24FEF32300C7A1CA /* Products */;
			projectDirPath = "";
			projectRoot = "";
			targets = (
				B55650FB24FEF32300C7A1CA /* FlixApp */,
			);
		};
/* End PBXProject section */

/* Begin PBXResourcesBuildPhase section */
		B55650FA24FEF32300C7A1CA /* Resources */ = {
			isa = PBXResourcesBuildPhase;
			buildActionMask = 2147483647;
			files = (
				B556510C24FEF32900C7A1CA /* LaunchScreen.storyboard in Resources */,
				B556510924FEF32900C7A1CA /* Assets.xcassets in Resources */,
				B556510724FEF32400C7A1CA /* Main.storyboard in Resources */,
			);
			runOnlyForDeploymentPostprocessing = 0;
		};
/* End PBXResourcesBuildPhase section */

/* Begin PBXShellScriptBuildPhase section */
		51774878A9F3FDA12726930D /* [CP] Check Pods Manifest.lock */ = {
			isa = PBXShellScriptBuildPhase;
			buildActionMask = 2147483647;
			files = (
			);
			inputFileListPaths = (
			);
			inputPaths = (
				"${PODS_PODFILE_DIR_PATH}/Podfile.lock",
				"${PODS_ROOT}/Manifest.lock",
			);
			name = "[CP] Check Pods Manifest.lock";
			outputFileListPaths = (
			);
			outputPaths = (
				"$(DERIVED_FILE_DIR)/Pods-FlixApp-checkManifestLockResult.txt",
			);
			runOnlyForDeploymentPostprocessing = 0;
			shellPath = /bin/sh;
			shellScript = "diff \"${PODS_PODFILE_DIR_PATH}/Podfile.lock\" \"${PODS_ROOT}/Manifest.lock\" > /dev/null\nif [ $? != 0 ] ; then\n    # print error to STDERR\n    echo \"error: The sandbox is not in sync with the Podfile.lock. Run 'pod install' or update your CocoaPods installation.\" >&2\n    exit 1\nfi\n# This output is used by Xcode 'outputs' to avoid re-running this script phase.\necho \"SUCCESS\" > \"${SCRIPT_OUTPUT_FILE_0}\"\n";
			showEnvVarsInLog = 0;
		};
		7573999569C9C056457CFF6D /* [CP] Embed Pods Frameworks */ = {
			isa = PBXShellScriptBuildPhase;
			buildActionMask = 2147483647;
			files = (
			);
			inputFileListPaths = (
				"${PODS_ROOT}/Target Support Files/Pods-FlixApp/Pods-FlixApp-frameworks-${CONFIGURATION}-input-files.xcfilelist",
			);
			name = "[CP] Embed Pods Frameworks";
			outputFileListPaths = (
				"${PODS_ROOT}/Target Support Files/Pods-FlixApp/Pods-FlixApp-frameworks-${CONFIGURATION}-output-files.xcfilelist",
			);
			runOnlyForDeploymentPostprocessing = 0;
			shellPath = /bin/sh;
			shellScript = "\"${PODS_ROOT}/Target Support Files/Pods-FlixApp/Pods-FlixApp-frameworks.sh\"\n";
			showEnvVarsInLog = 0;
		};
/* End PBXShellScriptBuildPhase section */

/* Begin PBXSourcesBuildPhase section */
		B55650F824FEF32300C7A1CA /* Sources */ = {
			isa = PBXSourcesBuildPhase;
			buildActionMask = 2147483647;
			files = (
				B5ED8151251044EF00150150 /* MovieDetailsViewController.swift in Sources */,
				B556510024FEF32300C7A1CA /* AppDelegate.swift in Sources */,
				B5ED815325104EAD00150150 /* GridViewController.swift in Sources */,
				B556510224FEF32300C7A1CA /* SceneDelegate.swift in Sources */,
				B5EC66F02508821C008ECABB /* MovieCell.swift in Sources */,
				B530DBED25087110003DCEAF /* MoviesViewController.swift in Sources */,
				B5ED8155251052C500150150 /* MovieGridCell.swift in Sources */,
			);
			runOnlyForDeploymentPostprocessing = 0;
		};
/* End PBXSourcesBuildPhase section */

/* Begin PBXVariantGroup section */
		B556510524FEF32400C7A1CA /* Main.storyboard */ = {
			isa = PBXVariantGroup;
			children = (
				B556510624FEF32400C7A1CA /* Base */,
			);
			name = Main.storyboard;
			sourceTree = "<group>";
		};
		B556510A24FEF32900C7A1CA /* LaunchScreen.storyboard */ = {
			isa = PBXVariantGroup;
			children = (
				B556510B24FEF32900C7A1CA /* Base */,
			);
			name = LaunchScreen.storyboard;
			sourceTree = "<group>";
		};
/* End PBXVariantGroup section */

/* Begin XCBuildConfiguration section */
		B556510E24FEF32900C7A1CA /* Debug */ = {
			isa = XCBuildConfiguration;
			buildSettings = {
				ALWAYS_SEARCH_USER_PATHS = NO;
				CLANG_ANALYZER_NONNULL = YES;
				CLANG_ANALYZER_NUMBER_OBJECT_CONVERSION = YES_AGGRESSIVE;
				CLANG_CXX_LANGUAGE_STANDARD = "gnu++14";
				CLANG_CXX_LIBRARY = "libc++";
				CLANG_ENABLE_MODULES = YES;
				CLANG_ENABLE_OBJC_ARC = YES;
				CLANG_ENABLE_OBJC_WEAK = YES;
				CLANG_WARN_BLOCK_CAPTURE_AUTORELEASING = YES;
				CLANG_WARN_BOOL_CONVERSION = YES;
				CLANG_WARN_COMMA = YES;
				CLANG_WARN_CONSTANT_CONVERSION = YES;
				CLANG_WARN_DEPRECATED_OBJC_IMPLEMENTATIONS = YES;
				CLANG_WARN_DIRECT_OBJC_ISA_USAGE = YES_ERROR;
				CLANG_WARN_DOCUMENTATION_COMMENTS = YES;
				CLANG_WARN_EMPTY_BODY = YES;
				CLANG_WARN_ENUM_CONVERSION = YES;
				CLANG_WARN_INFINITE_RECURSION = YES;
				CLANG_WARN_INT_CONVERSION = YES;
				CLANG_WARN_NON_LITERAL_NULL_CONVERSION = YES;
				CLANG_WARN_OBJC_IMPLICIT_RETAIN_SELF = YES;
				CLANG_WARN_OBJC_LITERAL_CONVERSION = YES;
				CLANG_WARN_OBJC_ROOT_CLASS = YES_ERROR;
				CLANG_WARN_RANGE_LOOP_ANALYSIS = YES;
				CLANG_WARN_STRICT_PROTOTYPES = YES;
				CLANG_WARN_SUSPICIOUS_MOVE = YES;
				CLANG_WARN_UNGUARDED_AVAILABILITY = YES_AGGRESSIVE;
				CLANG_WARN_UNREACHABLE_CODE = YES;
				CLANG_WARN__DUPLICATE_METHOD_MATCH = YES;
				COPY_PHASE_STRIP = NO;
				DEBUG_INFORMATION_FORMAT = dwarf;
				ENABLE_STRICT_OBJC_MSGSEND = YES;
				ENABLE_TESTABILITY = YES;
				GCC_C_LANGUAGE_STANDARD = gnu11;
				GCC_DYNAMIC_NO_PIC = NO;
				GCC_NO_COMMON_BLOCKS = YES;
				GCC_OPTIMIZATION_LEVEL = 0;
				GCC_PREPROCESSOR_DEFINITIONS = (
					"DEBUG=1",
					"$(inherited)",
				);
				GCC_WARN_64_TO_32_BIT_CONVERSION = YES;
				GCC_WARN_ABOUT_RETURN_TYPE = YES_ERROR;
				GCC_WARN_UNDECLARED_SELECTOR = YES;
				GCC_WARN_UNINITIALIZED_AUTOS = YES_AGGRESSIVE;
				GCC_WARN_UNUSED_FUNCTION = YES;
				GCC_WARN_UNUSED_VARIABLE = YES;
				IPHONEOS_DEPLOYMENT_TARGET = 13.5;
				MTL_ENABLE_DEBUG_INFO = INCLUDE_SOURCE;
				MTL_FAST_MATH = YES;
				ONLY_ACTIVE_ARCH = YES;
				SDKROOT = iphoneos;
				SWIFT_ACTIVE_COMPILATION_CONDITIONS = DEBUG;
				SWIFT_OPTIMIZATION_LEVEL = "-Onone";
			};
			name = Debug;
		};
		B556510F24FEF32900C7A1CA /* Release */ = {
			isa = XCBuildConfiguration;
			buildSettings = {
				ALWAYS_SEARCH_USER_PATHS = NO;
				CLANG_ANALYZER_NONNULL = YES;
				CLANG_ANALYZER_NUMBER_OBJECT_CONVERSION = YES_AGGRESSIVE;
				CLANG_CXX_LANGUAGE_STANDARD = "gnu++14";
				CLANG_CXX_LIBRARY = "libc++";
				CLANG_ENABLE_MODULES = YES;
				CLANG_ENABLE_OBJC_ARC = YES;
				CLANG_ENABLE_OBJC_WEAK = YES;
				CLANG_WARN_BLOCK_CAPTURE_AUTORELEASING = YES;
				CLANG_WARN_BOOL_CONVERSION = YES;
				CLANG_WARN_COMMA = YES;
				CLANG_WARN_CONSTANT_CONVERSION = YES;
				CLANG_WARN_DEPRECATED_OBJC_IMPLEMENTATIONS = YES;
				CLANG_WARN_DIRECT_OBJC_ISA_USAGE = YES_ERROR;
				CLANG_WARN_DOCUMENTATION_COMMENTS = YES;
				CLANG_WARN_EMPTY_BODY = YES;
				CLANG_WARN_ENUM_CONVERSION = YES;
				CLANG_WARN_INFINITE_RECURSION = YES;
				CLANG_WARN_INT_CONVERSION = YES;
				CLANG_WARN_NON_LITERAL_NULL_CONVERSION = YES;
				CLANG_WARN_OBJC_IMPLICIT_RETAIN_SELF = YES;
				CLANG_WARN_OBJC_LITERAL_CONVERSION = YES;
				CLANG_WARN_OBJC_ROOT_CLASS = YES_ERROR;
				CLANG_WARN_RANGE_LOOP_ANALYSIS = YES;
				CLANG_WARN_STRICT_PROTOTYPES = YES;
				CLANG_WARN_SUSPICIOUS_MOVE = YES;
				CLANG_WARN_UNGUARDED_AVAILABILITY = YES_AGGRESSIVE;
				CLANG_WARN_UNREACHABLE_CODE = YES;
				CLANG_WARN__DUPLICATE_METHOD_MATCH = YES;
				COPY_PHASE_STRIP = NO;
				DEBUG_INFORMATION_FORMAT = "dwarf-with-dsym";
				ENABLE_NS_ASSERTIONS = NO;
				ENABLE_STRICT_OBJC_MSGSEND = YES;
				GCC_C_LANGUAGE_STANDARD = gnu11;
				GCC_NO_COMMON_BLOCKS = YES;
				GCC_WARN_64_TO_32_BIT_CONVERSION = YES;
				GCC_WARN_ABOUT_RETURN_TYPE = YES_ERROR;
				GCC_WARN_UNDECLARED_SELECTOR = YES;
				GCC_WARN_UNINITIALIZED_AUTOS = YES_AGGRESSIVE;
				GCC_WARN_UNUSED_FUNCTION = YES;
				GCC_WARN_UNUSED_VARIABLE = YES;
				IPHONEOS_DEPLOYMENT_TARGET = 13.5;
				MTL_ENABLE_DEBUG_INFO = NO;
				MTL_FAST_MATH = YES;
				SDKROOT = iphoneos;
				SWIFT_COMPILATION_MODE = wholemodule;
				SWIFT_OPTIMIZATION_LEVEL = "-O";
				VALIDATE_PRODUCT = YES;
			};
			name = Release;
		};
		B556511124FEF32900C7A1CA /* Debug */ = {
			isa = XCBuildConfiguration;
			baseConfigurationReference = 80DCB0F810C928557AC68278 /* Pods-FlixApp.debug.xcconfig */;
			buildSettings = {
				ASSETCATALOG_COMPILER_APPICON_NAME = AppIcon;
				CODE_SIGN_STYLE = Automatic;
				DEVELOPMENT_TEAM = NGT2U88A4K;
				INFOPLIST_FILE = FlixApp/Info.plist;
				LD_RUNPATH_SEARCH_PATHS = (
					"$(inherited)",
					"@executable_path/Frameworks",
				);
				PRODUCT_BUNDLE_IDENTIFIER = FlixApp.FlixApp;
				PRODUCT_NAME = "$(TARGET_NAME)";
				SWIFT_VERSION = 5.0;
				TARGETED_DEVICE_FAMILY = "1,2";
			};
			name = Debug;
		};
		B556511224FEF32900C7A1CA /* Release */ = {
			isa = XCBuildConfiguration;
			baseConfigurationReference = C0036F959BA949A3322A7FF0 /* Pods-FlixApp.release.xcconfig */;
			buildSettings = {
				ASSETCATALOG_COMPILER_APPICON_NAME = AppIcon;
				CODE_SIGN_STYLE = Automatic;
				DEVELOPMENT_TEAM = NGT2U88A4K;
				INFOPLIST_FILE = FlixApp/Info.plist;
				LD_RUNPATH_SEARCH_PATHS = (
					"$(inherited)",
					"@executable_path/Frameworks",
				);
				PRODUCT_BUNDLE_IDENTIFIER = FlixApp.FlixApp;
				PRODUCT_NAME = "$(TARGET_NAME)";
				SWIFT_VERSION = 5.0;
				TARGETED_DEVICE_FAMILY = "1,2";
			};
			name = Release;
		};
/* End XCBuildConfiguration section */

/* Begin XCConfigurationList section */
		B55650F724FEF32300C7A1CA /* Build configuration list for PBXProject "FlixApp" */ = {
			isa = XCConfigurationList;
			buildConfigurations = (
				B556510E24FEF32900C7A1CA /* Debug */,
				B556510F24FEF32900C7A1CA /* Release */,
			);
			defaultConfigurationIsVisible = 0;
			defaultConfigurationName = Release;
		};
		B556511024FEF32900C7A1CA /* Build configuration list for PBXNativeTarget "FlixApp" */ = {
			isa = XCConfigurationList;
			buildConfigurations = (
				B556511124FEF32900C7A1CA /* Debug */,
				B556511224FEF32900C7A1CA /* Release */,
			);
			defaultConfigurationIsVisible = 0;
			defaultConfigurationName = Release;
		};
/* End XCConfigurationList section */
	};
	rootObject = B55650F424FEF32300C7A1CA /* Project object */;
}
